
Microsoft Visual Studio Solution File, Format Version 12.00
# Visual Studio 2012
Project("{2150E333-8FDC-42A3-9474-1A3956D46DE8}") = "Solution Items", "Solution Items", "{E06AA091-0749-4CBC-AE83-BA3866E024F5}"
	ProjectSection(SolutionItems) = preProject
		basic.lua = basic.lua
	EndProjectSection
EndProject
Project("{2150E333-8FDC-42A3-9474-1A3956D46DE8}") = "Tests", "Tests", "{FC8AD16E-A03C-43AA-A7BF-B9CBFF2F3A8B}"
EndProject
Project("{2150E333-8FDC-42A3-9474-1A3956D46DE8}") = "Core", "Core", "{313ABD4C-361C-46C6-AFFB-0B98B8A0DF3E}"
EndProject
Project("{2150E333-8FDC-42A3-9474-1A3956D46DE8}") = "Tools", "Tools", "{02481A28-AE96-4908-BD7F-E4EFDBAD33BC}"
EndProject
Project("{2150E333-8FDC-42A3-9474-1A3956D46DE8}") = "Components", "Components", "{34430D84-44F3-43AA-9A31-C7C688F9569F}"
EndProject
Project("{2150E333-8FDC-42A3-9474-1A3956D46DE8}") = "Applications", "Applications", "{14812299-D947-475A-9C94-851C75FF53CC}"
EndProject
Project("{2150E333-8FDC-42A3-9474-1A3956D46DE8}") = "Addons", "Addons", "{03AB2DAF-7B78-4BFA-9BF7-5F59C2B9249F}"
EndProject
Project("{2150E333-8FDC-42A3-9474-1A3956D46DE8}") = "Libraries", "Libraries", "{15FD5E95-8FF6-4EDE-988F-0580A11DCD1C}"
EndProject
Project("{FAE04EC0-301F-11D3-BF4B-00C04F79EFBC}") = "Alaris.DefaultAddon", "Addons\Alaris.DefaultAddon\Alaris.DefaultAddon.csproj", "{062B6A8C-F14A-4754-81E0-66BF1E557CEF}"
EndProject
Project("{FAE04EC0-301F-11D3-BF4B-00C04F79EFBC}") = "Alaris.Manager", "Tools\Alaris.Manager\Alaris.Manager.csproj", "{0959F9F6-0D07-4482-9825-CEF2F1B03740}"
EndProject
Project("{FAE04EC0-301F-11D3-BF4B-00C04F79EFBC}") = "Alaris.Tests", "Tests\Alaris.Tests\Alaris.Tests.csproj", "{CDC31A0A-1C55-44CB-9F84-9724D9A5982A}"
EndProject
Project("{FAE04EC0-301F-11D3-BF4B-00C04F79EFBC}") = "Emil.GMP", "Libraries\Emil.GMP\Emil.GMP.csproj", "{DC17E27A-47D4-436B-B885-A4D285CB9BA1}"
EndProject
Project("{FAE04EC0-301F-11D3-BF4B-00C04F79EFBC}") = "Alaris.Irc", "Core\Alaris.Irc\Alaris.Irc.csproj", "{EFCDD130-C3FA-4560-A936-69F683AE071F}"
EndProject
Project("{FAE04EC0-301F-11D3-BF4B-00C04F79EFBC}") = "Alaris.LuaEngine", "Components\Alaris.LuaEngine\Alaris.LuaEngine.csproj", "{D6E5F82D-5385-45AD-A0D1-1091EC6A5393}"
EndProject
Project("{FAE04EC0-301F-11D3-BF4B-00C04F79EFBC}") = "Alaris", "Applications\Alaris\Alaris.csproj", "{827FC720-BEE2-4357-B29F-0C2BDF51472D}"
EndProject
Project("{FAE04EC0-301F-11D3-BF4B-00C04F79EFBC}") = "Alaris.WolframAlphaAddon", "Addons\Alaris.WolframAlphaAddon\Alaris.WolframAlphaAddon.csproj", "{601DA2E3-3E9F-4B26-985C-19C22608F1FC}"
EndProject
Project("{FAE04EC0-301F-11D3-BF4B-00C04F79EFBC}") = "Alaris.Framework", "Core\Alaris.Framework\Alaris.Framework.csproj", "{9C146FF3-1908-431F-AB7C-25AD9D0AA0B4}"
EndProject
Global
	GlobalSection(TestCaseManagementSettings) = postSolution
		CategoryFile = alaris.vsmdi
	EndGlobalSection
	GlobalSection(SolutionConfigurationPlatforms) = preSolution
		Debug|Any CPU = Debug|Any CPU
		Debug|Mixed Platforms = Debug|Mixed Platforms
		Debug|Win32 = Debug|Win32
		Debug|x64 = Debug|x64
		Debug|x86 = Debug|x86
		Release|Any CPU = Release|Any CPU
		Release|Mixed Platforms = Release|Mixed Platforms
		Release|Win32 = Release|Win32
		Release|x64 = Release|x64
		Release|x86 = Release|x86
	EndGlobalSection
	GlobalSection(ProjectConfigurationPlatforms) = postSolution
		{062B6A8C-F14A-4754-81E0-66BF1E557CEF}.Debug|Any CPU.ActiveCfg = Debug|Any CPU
		{062B6A8C-F14A-4754-81E0-66BF1E557CEF}.Debug|Any CPU.Build.0 = Debug|Any CPU
		{062B6A8C-F14A-4754-81E0-66BF1E557CEF}.Debug|Mixed Platforms.ActiveCfg = Debug|x64
		{062B6A8C-F14A-4754-81E0-66BF1E557CEF}.Debug|Mixed Platforms.Build.0 = Debug|x64
		{062B6A8C-F14A-4754-81E0-66BF1E557CEF}.Debug|Win32.ActiveCfg = Debug|Any CPU
		{062B6A8C-F14A-4754-81E0-66BF1E557CEF}.Debug|x64.ActiveCfg = Debug|x64
		{062B6A8C-F14A-4754-81E0-66BF1E557CEF}.Debug|x64.Build.0 = Debug|x64
		{062B6A8C-F14A-4754-81E0-66BF1E557CEF}.Debug|x86.ActiveCfg = Debug|Any CPU
		{062B6A8C-F14A-4754-81E0-66BF1E557CEF}.Release|Any CPU.ActiveCfg = Release|Any CPU
		{062B6A8C-F14A-4754-81E0-66BF1E557CEF}.Release|Any CPU.Build.0 = Release|Any CPU
		{062B6A8C-F14A-4754-81E0-66BF1E557CEF}.Release|Mixed Platforms.ActiveCfg = Release|Any CPU
		{062B6A8C-F14A-4754-81E0-66BF1E557CEF}.Release|Mixed Platforms.Build.0 = Release|Any CPU
		{062B6A8C-F14A-4754-81E0-66BF1E557CEF}.Release|Win32.ActiveCfg = Release|Any CPU
		{062B6A8C-F14A-4754-81E0-66BF1E557CEF}.Release|x64.ActiveCfg = Release|Any CPU
		{062B6A8C-F14A-4754-81E0-66BF1E557CEF}.Release|x86.ActiveCfg = Release|Any CPU
		{0959F9F6-0D07-4482-9825-CEF2F1B03740}.Debug|Any CPU.ActiveCfg = Debug|Any CPU
		{0959F9F6-0D07-4482-9825-CEF2F1B03740}.Debug|Any CPU.Build.0 = Debug|Any CPU
		{0959F9F6-0D07-4482-9825-CEF2F1B03740}.Debug|Mixed Platforms.ActiveCfg = Debug|Any CPU
		{0959F9F6-0D07-4482-9825-CEF2F1B03740}.Debug|Mixed Platforms.Build.0 = Debug|Any CPU
		{0959F9F6-0D07-4482-9825-CEF2F1B03740}.Debug|Win32.ActiveCfg = Debug|Any CPU
		{0959F9F6-0D07-4482-9825-CEF2F1B03740}.Debug|x64.ActiveCfg = Debug|x64
		{0959F9F6-0D07-4482-9825-CEF2F1B03740}.Debug|x64.Build.0 = Debug|x64
		{0959F9F6-0D07-4482-9825-CEF2F1B03740}.Debug|x86.ActiveCfg = Debug|x86
		{0959F9F6-0D07-4482-9825-CEF2F1B03740}.Debug|x86.Build.0 = Debug|x86
		{0959F9F6-0D07-4482-9825-CEF2F1B03740}.Release|Any CPU.ActiveCfg = Release|Any CPU
		{0959F9F6-0D07-4482-9825-CEF2F1B03740}.Release|Any CPU.Build.0 = Release|Any CPU
		{0959F9F6-0D07-4482-9825-CEF2F1B03740}.Release|Mixed Platforms.ActiveCfg = Release|Any CPU
		{0959F9F6-0D07-4482-9825-CEF2F1B03740}.Release|Mixed Platforms.Build.0 = Release|Any CPU
		{0959F9F6-0D07-4482-9825-CEF2F1B03740}.Release|Win32.ActiveCfg = Release|Any CPU
		{0959F9F6-0D07-4482-9825-CEF2F1B03740}.Release|x64.ActiveCfg = Release|x64
		{0959F9F6-0D07-4482-9825-CEF2F1B03740}.Release|x64.Build.0 = Release|x64
		{0959F9F6-0D07-4482-9825-CEF2F1B03740}.Release|x86.ActiveCfg = Release|x86
		{0959F9F6-0D07-4482-9825-CEF2F1B03740}.Release|x86.Build.0 = Release|x86
		{CDC31A0A-1C55-44CB-9F84-9724D9A5982A}.Debug|Any CPU.ActiveCfg = Debug|Any CPU
		{CDC31A0A-1C55-44CB-9F84-9724D9A5982A}.Debug|Any CPU.Build.0 = Debug|Any CPU
		{CDC31A0A-1C55-44CB-9F84-9724D9A5982A}.Debug|Mixed Platforms.ActiveCfg = Debug|x64
		{CDC31A0A-1C55-44CB-9F84-9724D9A5982A}.Debug|Mixed Platforms.Build.0 = Debug|x64
		{CDC31A0A-1C55-44CB-9F84-9724D9A5982A}.Debug|Win32.ActiveCfg = Debug|x64
		{CDC31A0A-1C55-44CB-9F84-9724D9A5982A}.Debug|x64.ActiveCfg = Debug|x64
		{CDC31A0A-1C55-44CB-9F84-9724D9A5982A}.Debug|x64.Build.0 = Debug|x64
		{CDC31A0A-1C55-44CB-9F84-9724D9A5982A}.Debug|x86.ActiveCfg = Debug|x64
		{CDC31A0A-1C55-44CB-9F84-9724D9A5982A}.Release|Any CPU.ActiveCfg = Release|Any CPU
		{CDC31A0A-1C55-44CB-9F84-9724D9A5982A}.Release|Any CPU.Build.0 = Release|Any CPU
		{CDC31A0A-1C55-44CB-9F84-9724D9A5982A}.Release|Mixed Platforms.ActiveCfg = Release|x64
		{CDC31A0A-1C55-44CB-9F84-9724D9A5982A}.Release|Mixed Platforms.Build.0 = Release|x64
		{CDC31A0A-1C55-44CB-9F84-9724D9A5982A}.Release|Win32.ActiveCfg = Release|x64
		{CDC31A0A-1C55-44CB-9F84-9724D9A5982A}.Release|x64.ActiveCfg = Release|x64
		{CDC31A0A-1C55-44CB-9F84-9724D9A5982A}.Release|x64.Build.0 = Release|x64
		{CDC31A0A-1C55-44CB-9F84-9724D9A5982A}.Release|x86.ActiveCfg = Release|x64
		{DC17E27A-47D4-436B-B885-A4D285CB9BA1}.Debug|Any CPU.ActiveCfg = Debug|Any CPU
		{DC17E27A-47D4-436B-B885-A4D285CB9BA1}.Debug|Any CPU.Build.0 = Debug|Any CPU
		{DC17E27A-47D4-436B-B885-A4D285CB9BA1}.Debug|Mixed Platforms.ActiveCfg = Debug|x64
		{DC17E27A-47D4-436B-B885-A4D285CB9BA1}.Debug|Mixed Platforms.Build.0 = Debug|x64
		{DC17E27A-47D4-436B-B885-A4D285CB9BA1}.Debug|Win32.ActiveCfg = Debug|x64
		{DC17E27A-47D4-436B-B885-A4D285CB9BA1}.Debug|x64.ActiveCfg = Debug|x64
		{DC17E27A-47D4-436B-B885-A4D285CB9BA1}.Debug|x64.Build.0 = Debug|x64
		{DC17E27A-47D4-436B-B885-A4D285CB9BA1}.Debug|x86.ActiveCfg = Debug|x64
		{DC17E27A-47D4-436B-B885-A4D285CB9BA1}.Release|Any CPU.ActiveCfg = Release|Any CPU
		{DC17E27A-47D4-436B-B885-A4D285CB9BA1}.Release|Any CPU.Build.0 = Release|Any CPU
		{DC17E27A-47D4-436B-B885-A4D285CB9BA1}.Release|Mixed Platforms.ActiveCfg = Release|x64
		{DC17E27A-47D4-436B-B885-A4D285CB9BA1}.Release|Mixed Platforms.Build.0 = Release|x64
		{DC17E27A-47D4-436B-B885-A4D285CB9BA1}.Release|Win32.ActiveCfg = Release|x64
		{DC17E27A-47D4-436B-B885-A4D285CB9BA1}.Release|x64.ActiveCfg = Release|x64
		{DC17E27A-47D4-436B-B885-A4D285CB9BA1}.Release|x64.Build.0 = Release|x64
		{DC17E27A-47D4-436B-B885-A4D285CB9BA1}.Release|x86.ActiveCfg = Release|x64
		{EFCDD130-C3FA-4560-A936-69F683AE071F}.Debug|Any CPU.ActiveCfg = Debug|Any CPU
		{EFCDD130-C3FA-4560-A936-69F683AE071F}.Debug|Any CPU.Build.0 = Debug|Any CPU
		{EFCDD130-C3FA-4560-A936-69F683AE071F}.Debug|Mixed Platforms.ActiveCfg = Debug|x64
		{EFCDD130-C3FA-4560-A936-69F683AE071F}.Debug|Mixed Platforms.Build.0 = Debug|x64
		{EFCDD130-C3FA-4560-A936-69F683AE071F}.Debug|Win32.ActiveCfg = Debug|x64
		{EFCDD130-C3FA-4560-A936-69F683AE071F}.Debug|x64.ActiveCfg = Debug|x64
		{EFCDD130-C3FA-4560-A936-69F683AE071F}.Debug|x64.Build.0 = Debug|x64
		{EFCDD130-C3FA-4560-A936-69F683AE071F}.Debug|x86.ActiveCfg = Debug|x64
		{EFCDD130-C3FA-4560-A936-69F683AE071F}.Release|Any CPU.ActiveCfg = Release|Any CPU
		{EFCDD130-C3FA-4560-A936-69F683AE071F}.Release|Any CPU.Build.0 = Release|Any CPU
		{EFCDD130-C3FA-4560-A936-69F683AE071F}.Release|Mixed Platforms.ActiveCfg = Release|x64
		{EFCDD130-C3FA-4560-A936-69F683AE071F}.Release|Mixed Platforms.Build.0 = Release|x64
		{EFCDD130-C3FA-4560-A936-69F683AE071F}.Release|Win32.ActiveCfg = Release|x64
		{EFCDD130-C3FA-4560-A936-69F683AE071F}.Release|x64.ActiveCfg = Release|x64
		{EFCDD130-C3FA-4560-A936-69F683AE071F}.Release|x64.Build.0 = Release|x64
		{EFCDD130-C3FA-4560-A936-69F683AE071F}.Release|x86.ActiveCfg = Release|x64
		{D6E5F82D-5385-45AD-A0D1-1091EC6A5393}.Debug|Any CPU.ActiveCfg = Debug|Any CPU
		{D6E5F82D-5385-45AD-A0D1-1091EC6A5393}.Debug|Any CPU.Build.0 = Debug|Any CPU
		{D6E5F82D-5385-45AD-A0D1-1091EC6A5393}.Debug|Mixed Platforms.ActiveCfg = Debug|x64
		{D6E5F82D-5385-45AD-A0D1-1091EC6A5393}.Debug|Mixed Platforms.Build.0 = Debug|x64
		{D6E5F82D-5385-45AD-A0D1-1091EC6A5393}.Debug|Win32.ActiveCfg = Debug|x64
		{D6E5F82D-5385-45AD-A0D1-1091EC6A5393}.Debug|x64.ActiveCfg = Debug|x64
		{D6E5F82D-5385-45AD-A0D1-1091EC6A5393}.Debug|x64.Build.0 = Debug|x64
		{D6E5F82D-5385-45AD-A0D1-1091EC6A5393}.Debug|x86.ActiveCfg = Debug|x64
		{D6E5F82D-5385-45AD-A0D1-1091EC6A5393}.Release|Any CPU.ActiveCfg = Release|Any CPU
		{D6E5F82D-5385-45AD-A0D1-1091EC6A5393}.Release|Any CPU.Build.0 = Release|Any CPU
		{D6E5F82D-5385-45AD-A0D1-1091EC6A5393}.Release|Mixed Platforms.ActiveCfg = Release|x64
		{D6E5F82D-5385-45AD-A0D1-1091EC6A5393}.Release|Mixed Platforms.Build.0 = Release|x64
		{D6E5F82D-5385-45AD-A0D1-1091EC6A5393}.Release|Win32.ActiveCfg = Release|x64
		{D6E5F82D-5385-45AD-A0D1-1091EC6A5393}.Release|x64.ActiveCfg = Release|x64
		{D6E5F82D-5385-45AD-A0D1-1091EC6A5393}.Release|x64.Build.0 = Release|x64
		{D6E5F82D-5385-45AD-A0D1-1091EC6A5393}.Release|x86.ActiveCfg = Release|x64
		{827FC720-BEE2-4357-B29F-0C2BDF51472D}.Debug|Any CPU.ActiveCfg = Debug|Any CPU
		{827FC720-BEE2-4357-B29F-0C2BDF51472D}.Debug|Any CPU.Build.0 = Debug|Any CPU
		{827FC720-BEE2-4357-B29F-0C2BDF51472D}.Debug|Mixed Platforms.ActiveCfg = Debug|x64
		{827FC720-BEE2-4357-B29F-0C2BDF51472D}.Debug|Mixed Platforms.Build.0 = Debug|x64
		{827FC720-BEE2-4357-B29F-0C2BDF51472D}.Debug|Win32.ActiveCfg = Debug|x64
		{827FC720-BEE2-4357-B29F-0C2BDF51472D}.Debug|x64.ActiveCfg = Debug|x64
		{827FC720-BEE2-4357-B29F-0C2BDF51472D}.Debug|x64.Build.0 = Debug|x64
		{827FC720-BEE2-4357-B29F-0C2BDF51472D}.Debug|x86.ActiveCfg = Debug|x64
		{827FC720-BEE2-4357-B29F-0C2BDF51472D}.Release|Any CPU.ActiveCfg = Release|Any CPU
		{827FC720-BEE2-4357-B29F-0C2BDF51472D}.Release|Any CPU.Build.0 = Release|Any CPU
		{827FC720-BEE2-4357-B29F-0C2BDF51472D}.Release|Mixed Platforms.ActiveCfg = Release|x64
		{827FC720-BEE2-4357-B29F-0C2BDF51472D}.Release|Mixed Platforms.Build.0 = Release|x64
		{827FC720-BEE2-4357-B29F-0C2BDF51472D}.Release|Win32.ActiveCfg = Release|x64
		{827FC720-BEE2-4357-B29F-0C2BDF51472D}.Release|x64.ActiveCfg = Release|x64
		{827FC720-BEE2-4357-B29F-0C2BDF51472D}.Release|x64.Build.0 = Release|x64
		{827FC720-BEE2-4357-B29F-0C2BDF51472D}.Release|x86.ActiveCfg = Release|x64
		{601DA2E3-3E9F-4B26-985C-19C22608F1FC}.Debug|Any CPU.ActiveCfg = Debug|Any CPU
		{601DA2E3-3E9F-4B26-985C-19C22608F1FC}.Debug|Any CPU.Build.0 = Debug|Any CPU
		{601DA2E3-3E9F-4B26-985C-19C22608F1FC}.Debug|Mixed Platforms.ActiveCfg = Debug|Any CPU
		{601DA2E3-3E9F-4B26-985C-19C22608F1FC}.Debug|Mixed Platforms.Build.0 = Debug|Any CPU
		{601DA2E3-3E9F-4B26-985C-19C22608F1FC}.Debug|Win32.ActiveCfg = Debug|Any CPU
		{601DA2E3-3E9F-4B26-985C-19C22608F1FC}.Debug|x64.ActiveCfg = Debug|Any CPU
		{601DA2E3-3E9F-4B26-985C-19C22608F1FC}.Debug|x86.ActiveCfg = Debug|Any CPU
		{601DA2E3-3E9F-4B26-985C-19C22608F1FC}.Release|Any CPU.ActiveCfg = Release|Any CPU
		{601DA2E3-3E9F-4B26-985C-19C22608F1FC}.Release|Any CPU.Build.0 = Release|Any CPU
		{601DA2E3-3E9F-4B26-985C-19C22608F1FC}.Release|Mixed Platforms.ActiveCfg = Release|Any CPU
		{601DA2E3-3E9F-4B26-985C-19C22608F1FC}.Release|Mixed Platforms.Build.0 = Release|Any CPU
		{601DA2E3-3E9F-4B26-985C-19C22608F1FC}.Release|Win32.ActiveCfg = Release|Any CPU
		{601DA2E3-3E9F-4B26-985C-19C22608F1FC}.Release|x64.ActiveCfg = Release|Any CPU
		{601DA2E3-3E9F-4B26-985C-19C22608F1FC}.Release|x86.ActiveCfg = Release|Any CPU
		{9C146FF3-1908-431F-AB7C-25AD9D0AA0B4}.Debug|Any CPU.ActiveCfg = Debug|Any CPU
		{9C146FF3-1908-431F-AB7C-25AD9D0AA0B4}.Debug|Any CPU.Build.0 = Debug|Any CPU
		{9C146FF3-1908-431F-AB7C-25AD9D0AA0B4}.Debug|Mixed Platforms.ActiveCfg = Debug|Any CPU
		{9C146FF3-1908-431F-AB7C-25AD9D0AA0B4}.Debug|Mixed Platforms.Build.0 = Debug|Any CPU
		{9C146FF3-1908-431F-AB7C-25AD9D0AA0B4}.Debug|Win32.ActiveCfg = Debug|Any CPU
		{9C146FF3-1908-431F-AB7C-25AD9D0AA0B4}.Debug|x64.ActiveCfg = Debug|Any CPU
		{9C146FF3-1908-431F-AB7C-25AD9D0AA0B4}.Debug|x86.ActiveCfg = Debug|Any CPU
		{9C146FF3-1908-431F-AB7C-25AD9D0AA0B4}.Release|Any CPU.ActiveCfg = Release|Any CPU
		{9C146FF3-1908-431F-AB7C-25AD9D0AA0B4}.Release|Any CPU.Build.0 = Release|Any CPU
		{9C146FF3-1908-431F-AB7C-25AD9D0AA0B4}.Release|Mixed Platforms.ActiveCfg = Release|Any CPU
		{9C146FF3-1908-431F-AB7C-25AD9D0AA0B4}.Release|Mixed Platforms.Build.0 = Release|Any CPU
		{9C146FF3-1908-431F-AB7C-25AD9D0AA0B4}.Release|Win32.ActiveCfg = Release|Any CPU
		{9C146FF3-1908-431F-AB7C-25AD9D0AA0B4}.Release|x64.ActiveCfg = Release|Any CPU
		{9C146FF3-1908-431F-AB7C-25AD9D0AA0B4}.Release|x86.ActiveCfg = Release|Any CPU
	EndGlobalSection
	GlobalSection(SolutionProperties) = preSolution
		HideSolutionNode = FALSE
	EndGlobalSection
	GlobalSection(NestedProjects) = preSolution
		{CDC31A0A-1C55-44CB-9F84-9724D9A5982A} = {FC8AD16E-A03C-43AA-A7BF-B9CBFF2F3A8B}
		{EFCDD130-C3FA-4560-A936-69F683AE071F} = {313ABD4C-361C-46C6-AFFB-0B98B8A0DF3E}
		{9C146FF3-1908-431F-AB7C-25AD9D0AA0B4} = {313ABD4C-361C-46C6-AFFB-0B98B8A0DF3E}
		{0959F9F6-0D07-4482-9825-CEF2F1B03740} = {02481A28-AE96-4908-BD7F-E4EFDBAD33BC}
		{D6E5F82D-5385-45AD-A0D1-1091EC6A5393} = {34430D84-44F3-43AA-9A31-C7C688F9569F}
		{827FC720-BEE2-4357-B29F-0C2BDF51472D} = {14812299-D947-475A-9C94-851C75FF53CC}
		{062B6A8C-F14A-4754-81E0-66BF1E557CEF} = {03AB2DAF-7B78-4BFA-9BF7-5F59C2B9249F}
		{601DA2E3-3E9F-4B26-985C-19C22608F1FC} = {03AB2DAF-7B78-4BFA-9BF7-5F59C2B9249F}
		{DC17E27A-47D4-436B-B885-A4D285CB9BA1} = {15FD5E95-8FF6-4EDE-988F-0580A11DCD1C}
	EndGlobalSection
	GlobalSection(MonoDevelopProperties) = preSolution
		StartupItem = alaris\alaris.csproj
		version = 2.3
	EndGlobalSection
EndGlobal
