
Microsoft Visual Studio Solution File, Format Version 11.00
# Visual Studio 2010
Project("{FAE04EC0-301F-11D3-BF4B-00C04F79EFBC}") = "alaris", "alaris\alaris.csproj", "{827FC720-BEE2-4357-B29F-0C2BDF51472D}"
EndProject
Project("{FAE04EC0-301F-11D3-BF4B-00C04F79EFBC}") = "irc", "irc\irc.csproj", "{EFCDD130-C3FA-4560-A936-69F683AE071F}"
EndProject
Project("{FAE04EC0-301F-11D3-BF4B-00C04F79EFBC}") = "AlarisAPI", "AlarisAPI\AlarisAPI.csproj", "{580A88E6-4327-4F70-AE9C-4A16B2DB8B94}"
EndProject
Project("{FAE04EC0-301F-11D3-BF4B-00C04F79EFBC}") = "MainPlugin", "MainPlugin\MainPlugin.csproj", "{5C69DE32-25CD-4326-8ABC-91973C6485F2}"
EndProject
Project("{9344bdbb-3e7f-41fc-a0dd-8665d75ee146}") = "Packages", "Packages.mdproj", "{43262E31-25C8-4A2B-B071-3897E8DB457A}"
EndProject
Project("{FAE04EC0-301F-11D3-BF4B-00C04F79EFBC}") = "ChannelRightsPlugin", "ChannelRightsPlugin\ChannelRightsPlugin.csproj", "{9CA1756F-35C2-44E9-AD15-F28C3E6BF41B}"
EndProject
Project("{FAE04EC0-301F-11D3-BF4B-00C04F79EFBC}") = "alaris_server", "alaris_server\alaris_server.csproj", "{80148ABB-94CD-427E-A892-9E51D87F76EC}"
EndProject
Project("{FAE04EC0-301F-11D3-BF4B-00C04F79EFBC}") = "FeedHandlerPlugin", "FeedHandlerPlugin\FeedHandlerPlugin.csproj", "{7747D500-A95C-4B98-8FA6-0F7066ABAABE}"
EndProject
Project("{FAE04EC0-301F-11D3-BF4B-00C04F79EFBC}") = "Atom.NET", "Atom\Atom.NET.csproj", "{9DB254A5-AF25-4122-877C-3C6D9A86BC02}"
EndProject
Project("{FAE04EC0-301F-11D3-BF4B-00C04F79EFBC}") = "LuaInterface", "LuaInterface\LuaInterface.csproj", "{86CA4CAE-5EBC-4748-96AE-324D53AAE145}"
EndProject
Project("{FAE04EC0-301F-11D3-BF4B-00C04F79EFBC}") = "LuaEnginePlugin", "LuaEnginePlugin\LuaEnginePlugin.csproj", "{103AE0CA-FF97-4300-BD59-DBDE0A8FC3D7}"
EndProject
Global
	GlobalSection(SolutionConfigurationPlatforms) = preSolution
		Debug|Any CPU = Debug|Any CPU
		Release|Any CPU = Release|Any CPU
	EndGlobalSection
	GlobalSection(ProjectConfigurationPlatforms) = postSolution
		{103AE0CA-FF97-4300-BD59-DBDE0A8FC3D7}.Debug|Any CPU.ActiveCfg = Debug|Any CPU
		{103AE0CA-FF97-4300-BD59-DBDE0A8FC3D7}.Debug|Any CPU.Build.0 = Debug|Any CPU
		{103AE0CA-FF97-4300-BD59-DBDE0A8FC3D7}.Release|Any CPU.ActiveCfg = Release|Any CPU
		{103AE0CA-FF97-4300-BD59-DBDE0A8FC3D7}.Release|Any CPU.Build.0 = Release|Any CPU
		{43262E31-25C8-4A2B-B071-3897E8DB457A}.Debug|Any CPU.ActiveCfg = Debug|Any CPU
		{43262E31-25C8-4A2B-B071-3897E8DB457A}.Release|Any CPU.ActiveCfg = Release|Any CPU
		{580A88E6-4327-4F70-AE9C-4A16B2DB8B94}.Debug|Any CPU.ActiveCfg = Debug|Any CPU
		{580A88E6-4327-4F70-AE9C-4A16B2DB8B94}.Debug|Any CPU.Build.0 = Debug|Any CPU
		{580A88E6-4327-4F70-AE9C-4A16B2DB8B94}.Release|Any CPU.ActiveCfg = Release|Any CPU
		{580A88E6-4327-4F70-AE9C-4A16B2DB8B94}.Release|Any CPU.Build.0 = Release|Any CPU
		{5C69DE32-25CD-4326-8ABC-91973C6485F2}.Debug|Any CPU.ActiveCfg = Debug|Any CPU
		{5C69DE32-25CD-4326-8ABC-91973C6485F2}.Debug|Any CPU.Build.0 = Debug|Any CPU
		{5C69DE32-25CD-4326-8ABC-91973C6485F2}.Release|Any CPU.ActiveCfg = Release|Any CPU
		{5C69DE32-25CD-4326-8ABC-91973C6485F2}.Release|Any CPU.Build.0 = Release|Any CPU
		{7747D500-A95C-4B98-8FA6-0F7066ABAABE}.Debug|Any CPU.ActiveCfg = Debug|Any CPU
		{7747D500-A95C-4B98-8FA6-0F7066ABAABE}.Debug|Any CPU.Build.0 = Debug|Any CPU
		{7747D500-A95C-4B98-8FA6-0F7066ABAABE}.Release|Any CPU.ActiveCfg = Release|Any CPU
		{7747D500-A95C-4B98-8FA6-0F7066ABAABE}.Release|Any CPU.Build.0 = Release|Any CPU
		{80148ABB-94CD-427E-A892-9E51D87F76EC}.Debug|Any CPU.ActiveCfg = Debug|Any CPU
		{80148ABB-94CD-427E-A892-9E51D87F76EC}.Debug|Any CPU.Build.0 = Debug|Any CPU
		{80148ABB-94CD-427E-A892-9E51D87F76EC}.Release|Any CPU.ActiveCfg = Release|Any CPU
		{80148ABB-94CD-427E-A892-9E51D87F76EC}.Release|Any CPU.Build.0 = Release|Any CPU
		{827FC720-BEE2-4357-B29F-0C2BDF51472D}.Debug|Any CPU.ActiveCfg = Debug|Any CPU
		{827FC720-BEE2-4357-B29F-0C2BDF51472D}.Debug|Any CPU.Build.0 = Debug|Any CPU
		{827FC720-BEE2-4357-B29F-0C2BDF51472D}.Release|Any CPU.ActiveCfg = Release|Any CPU
		{827FC720-BEE2-4357-B29F-0C2BDF51472D}.Release|Any CPU.Build.0 = Release|Any CPU
		{86CA4CAE-5EBC-4748-96AE-324D53AAE145}.Debug|Any CPU.ActiveCfg = Debug|Any CPU
		{86CA4CAE-5EBC-4748-96AE-324D53AAE145}.Debug|Any CPU.Build.0 = Debug|Any CPU
		{86CA4CAE-5EBC-4748-96AE-324D53AAE145}.Release|Any CPU.ActiveCfg = Release|Any CPU
		{86CA4CAE-5EBC-4748-96AE-324D53AAE145}.Release|Any CPU.Build.0 = Release|Any CPU
		{9CA1756F-35C2-44E9-AD15-F28C3E6BF41B}.Debug|Any CPU.ActiveCfg = Debug|Any CPU
		{9CA1756F-35C2-44E9-AD15-F28C3E6BF41B}.Debug|Any CPU.Build.0 = Debug|Any CPU
		{9CA1756F-35C2-44E9-AD15-F28C3E6BF41B}.Release|Any CPU.ActiveCfg = Release|Any CPU
		{9CA1756F-35C2-44E9-AD15-F28C3E6BF41B}.Release|Any CPU.Build.0 = Release|Any CPU
		{9DB254A5-AF25-4122-877C-3C6D9A86BC02}.Debug|Any CPU.ActiveCfg = Debug|Any CPU
		{9DB254A5-AF25-4122-877C-3C6D9A86BC02}.Debug|Any CPU.Build.0 = Debug|Any CPU
		{9DB254A5-AF25-4122-877C-3C6D9A86BC02}.Release|Any CPU.ActiveCfg = Release|Any CPU
		{9DB254A5-AF25-4122-877C-3C6D9A86BC02}.Release|Any CPU.Build.0 = Release|Any CPU
		{EFCDD130-C3FA-4560-A936-69F683AE071F}.Debug|Any CPU.ActiveCfg = Debug|Any CPU
		{EFCDD130-C3FA-4560-A936-69F683AE071F}.Debug|Any CPU.Build.0 = Debug|Any CPU
		{EFCDD130-C3FA-4560-A936-69F683AE071F}.Release|Any CPU.ActiveCfg = Release|Any CPU
		{EFCDD130-C3FA-4560-A936-69F683AE071F}.Release|Any CPU.Build.0 = Release|Any CPU
	EndGlobalSection
	GlobalSection(MonoDevelopProperties) = preSolution
		StartupItem = alaris\alaris.csproj
		version = 2.3
	EndGlobalSection
EndGlobal
